
Microsoft Visual Studio Solution File, Format Version 12.00
# Visual Studio Version 17
VisualStudioVersion = 17.5.33530.505
MinimumVisualStudioVersion = 10.0.40219.1
Project("{FAE04EC0-301F-11D3-BF4B-00C04F79EFBC}") = "ProductBaseWebApplication", "ProductBaseWebApplication\ProductBaseWebApplication.csproj", "{CFD5A9F3-4CB8-424A-996A-D7D473A733B0}"
EndProject
Global
	GlobalSection(SolutionConfigurationPlatforms) = preSolution
		Debug|Any CPU = Debug|Any CPU
		Release|Any CPU = Release|Any CPU
	EndGlobalSection
	GlobalSection(ProjectConfigurationPlatforms) = postSolution
		{CFD5A9F3-4CB8-424A-996A-D7D473A733B0}.Debug|Any CPU.ActiveCfg = Debug|Any CPU
		{CFD5A9F3-4CB8-424A-996A-D7D473A733B0}.Debug|Any CPU.Build.0 = Debug|Any CPU
		{CFD5A9F3-4CB8-424A-996A-D7D473A733B0}.Release|Any CPU.ActiveCfg = Release|Any CPU
		{CFD5A9F3-4CB8-424A-996A-D7D473A733B0}.Release|Any CPU.Build.0 = Release|Any CPU
	EndGlobalSection
	GlobalSection(SolutionProperties) = preSolution
		HideSolutionNode = FALSE
	EndGlobalSection
	GlobalSection(ExtensibilityGlobals) = postSolution
		SolutionGuid = {04186B22-CAD4-4960-82D5-6547E668C307}
	EndGlobalSection
EndGlobal
